
Microsoft Visual Studio Solution File, Format Version 12.00
# Visual Studio Version 17
VisualStudioVersion = 17.6.33815.320
MinimumVisualStudioVersion = 10.0.40219.1
Project("{FAE04EC0-301F-11D3-BF4B-00C04F79EFBC}") = "TestScheduleMail", "TestScheduleMail.csproj", "{EA41AABC-D914-4A66-AF9F-D4BB3F01E2FB}"
EndProject
Global
	GlobalSection(SolutionConfigurationPlatforms) = preSolution
		Debug|Any CPU = Debug|Any CPU
		Release|Any CPU = Release|Any CPU
	EndGlobalSection
	GlobalSection(ProjectConfigurationPlatforms) = postSolution
		{EA41AABC-D914-4A66-AF9F-D4BB3F01E2FB}.Debug|Any CPU.ActiveCfg = Debug|Any CPU
		{EA41AABC-D914-4A66-AF9F-D4BB3F01E2FB}.Debug|Any CPU.Build.0 = Debug|Any CPU
		{EA41AABC-D914-4A66-AF9F-D4BB3F01E2FB}.Release|Any CPU.ActiveCfg = Release|Any CPU
		{EA41AABC-D914-4A66-AF9F-D4BB3F01E2FB}.Release|Any CPU.Build.0 = Release|Any CPU
	EndGlobalSection
	GlobalSection(SolutionProperties) = preSolution
		HideSolutionNode = FALSE
	EndGlobalSection
	GlobalSection(ExtensibilityGlobals) = postSolution
		SolutionGuid = {81043EA7-A2CD-458F-A568-40D1DA767F73}
	EndGlobalSection
EndGlobal
